version: 2.0
shards:
  ameba:
    git: https://github.com/crystal-ameba/ameba.git
    version: 1.7.0-dev+git.commit.7aaae7bb2bcb5e8a252509ab31c709047eb60ce8

  crest:
    git: https://github.com/mamantoha/crest.git
    version: 1.4.1

  cyclonedx-cr:
    git: https://github.com/hahwul/cyclonedx-cr.git
    version: 1.0.2+git.commit.03ed8dd299aeeb8f94db0fbd97e09605843e9b3a

  har:
    git: https://github.com/neuralegion/har.git
    version: 1.2.0

  http-client-digest_auth:
    git: https://github.com/mamantoha/http-client-digest_auth.git
    version: 0.6.0

  http_proxy:
    git: https://github.com/mamantoha/http_proxy.git
    version: 0.13.1

  toml:
    git: https://github.com/crystal-community/toml.cr.git
    version: 0.8.1

