version: 2.0
shards:
  ameba:
    git: https://github.com/crystal-ameba/ameba.git
    version: 1.7.0-dev+git.commit.920630c58f5aa91a1db10be35a62d21b69d54905

  crest:
    git: https://github.com/mamantoha/crest.git
    version: 1.4.1

  cyclonedx-cr:
    git: https://github.com/hahwul/cyclonedx-cr.git
    version: 1.0.2+git.commit.d38333bc3d2bcf0e4ecd12ee94700112c80ce6b7

  har:
    git: https://github.com/neuralegion/har.git
    version: 1.2.0

  http-client-digest_auth:
    git: https://github.com/mamantoha/http-client-digest_auth.git
    version: 0.6.0

  http_proxy:
    git: https://github.com/mamantoha/http_proxy.git
    version: 0.13.1

  toml:
    git: https://github.com/crystal-community/toml.cr.git
    version: 0.8.1

