version: 2.0
shards:
  acp:
    git: https://github.com/hahwul/acp.cr.git
    version: 0.1.0

  ameba:
    git: https://github.com/crystal-ameba/ameba.git
    version: 1.7.0-dev+git.commit.ae09e383a062d50cec1dd7cc93382ca6ad2363ce

  crest:
    git: https://github.com/mamantoha/crest.git
    version: 1.4.1

  cyclonedx-cr:
    git: https://github.com/hahwul/cyclonedx-cr.git
    version: 1.1.0+git.commit.a6003fc99b69a5c354361710fca785a7c11ebc0c

  har:
    git: https://github.com/neuralegion/har.git
    version: 1.2.0

  http-client-digest_auth:
    git: https://github.com/mamantoha/http-client-digest_auth.git
    version: 0.6.0

  http_proxy:
    git: https://github.com/mamantoha/http_proxy.git
    version: 0.14.0

  sarif:
    git: https://github.com/hahwul/sarif.cr.git
    version: 0.2.0

  toml:
    git: https://github.com/crystal-community/toml.cr.git
    version: 0.8.1

